
Microsoft Visual Studio Solution File, Format Version 12.00
# Visual Studio 14
VisualStudioVersion = 14.0.25123.0
MinimumVisualStudioVersion = 10.0.40219.1
Project("{888888A0-9F3D-457C-B088-3A5042F75D52}") = "KivyApp", "KivyApp\KivyApp.pyproj", "{34FB028B-C6C2-492D-AA32-237CAF4251DC}"
EndProject
Project("{2150E333-8FDC-42A3-9474-1A3956D46DE8}") = "Solution Items", "Solution Items", "{0F12F38F-496F-4815-AD26-51A0F1FE0F42}"
	ProjectSection(SolutionItems) = preProject
		.gitignore = .gitignore
		input.bas = input.bas
	EndProjectSection
EndProject
Global
	GlobalSection(SolutionConfigurationPlatforms) = preSolution
		Debug|Any CPU = Debug|Any CPU
		Release|Any CPU = Release|Any CPU
	EndGlobalSection
	GlobalSection(ProjectConfigurationPlatforms) = postSolution
		{34FB028B-C6C2-492D-AA32-237CAF4251DC}.Debug|Any CPU.ActiveCfg = Debug|Any CPU
		{34FB028B-C6C2-492D-AA32-237CAF4251DC}.Release|Any CPU.ActiveCfg = Release|Any CPU
	EndGlobalSection
	GlobalSection(SolutionProperties) = preSolution
		HideSolutionNode = FALSE
	EndGlobalSection
EndGlobal
